
Microsoft Visual Studio Solution File, Format Version 11.00
# Visual Studio 2010
Project("{FAE04EC0-301F-11D3-BF4B-00C04F79EFBC}") = "PreProcessor.Cmd", "PreProcessor.Cmd\PreProcessor.Cmd.csproj", "{91B8F032-7407-4D5D-90CF-D5B6D20D70CA}"
EndProject
Project("{FAE04EC0-301F-11D3-BF4B-00C04F79EFBC}") = "PreProcessor.Cmd.Tests", "PreProcessor.Cmd.Tests\PreProcessor.Cmd.Tests.csproj", "{74A2A39C-AB8F-4A15-A5BA-9330F9A550F8}"
EndProject
Project("{FAE04EC0-301F-11D3-BF4B-00C04F79EFBC}") = "SystemEx", "SystemEx\SystemEx.csproj", "{CBB1FC16-D4FF-4C43-9622-C04A8E9C436A}"
EndProject
Global
	GlobalSection(SolutionConfigurationPlatforms) = preSolution
		Debug|Any CPU = Debug|Any CPU
		Debug|Mixed Platforms = Debug|Mixed Platforms
		Debug|x86 = Debug|x86
		Release|Any CPU = Release|Any CPU
		Release|Mixed Platforms = Release|Mixed Platforms
		Release|x86 = Release|x86
	EndGlobalSection
	GlobalSection(ProjectConfigurationPlatforms) = postSolution
		{91B8F032-7407-4D5D-90CF-D5B6D20D70CA}.Debug|Any CPU.ActiveCfg = Debug|x86
		{91B8F032-7407-4D5D-90CF-D5B6D20D70CA}.Debug|Mixed Platforms.ActiveCfg = Debug|x86
		{91B8F032-7407-4D5D-90CF-D5B6D20D70CA}.Debug|Mixed Platforms.Build.0 = Debug|x86
		{91B8F032-7407-4D5D-90CF-D5B6D20D70CA}.Debug|x86.ActiveCfg = Debug|x86
		{91B8F032-7407-4D5D-90CF-D5B6D20D70CA}.Debug|x86.Build.0 = Debug|x86
		{91B8F032-7407-4D5D-90CF-D5B6D20D70CA}.Release|Any CPU.ActiveCfg = Release|x86
		{91B8F032-7407-4D5D-90CF-D5B6D20D70CA}.Release|Mixed Platforms.ActiveCfg = Release|x86
		{91B8F032-7407-4D5D-90CF-D5B6D20D70CA}.Release|Mixed Platforms.Build.0 = Release|x86
		{91B8F032-7407-4D5D-90CF-D5B6D20D70CA}.Release|x86.ActiveCfg = Release|x86
		{91B8F032-7407-4D5D-90CF-D5B6D20D70CA}.Release|x86.Build.0 = Release|x86
		{74A2A39C-AB8F-4A15-A5BA-9330F9A550F8}.Debug|Any CPU.ActiveCfg = Debug|x86
		{74A2A39C-AB8F-4A15-A5BA-9330F9A550F8}.Debug|Mixed Platforms.ActiveCfg = Debug|x86
		{74A2A39C-AB8F-4A15-A5BA-9330F9A550F8}.Debug|Mixed Platforms.Build.0 = Debug|x86
		{74A2A39C-AB8F-4A15-A5BA-9330F9A550F8}.Debug|x86.ActiveCfg = Debug|x86
		{74A2A39C-AB8F-4A15-A5BA-9330F9A550F8}.Debug|x86.Build.0 = Debug|x86
		{74A2A39C-AB8F-4A15-A5BA-9330F9A550F8}.Release|Any CPU.ActiveCfg = Release|x86
		{74A2A39C-AB8F-4A15-A5BA-9330F9A550F8}.Release|Mixed Platforms.ActiveCfg = Release|x86
		{74A2A39C-AB8F-4A15-A5BA-9330F9A550F8}.Release|Mixed Platforms.Build.0 = Release|x86
		{74A2A39C-AB8F-4A15-A5BA-9330F9A550F8}.Release|x86.ActiveCfg = Release|x86
		{74A2A39C-AB8F-4A15-A5BA-9330F9A550F8}.Release|x86.Build.0 = Release|x86
		{CBB1FC16-D4FF-4C43-9622-C04A8E9C436A}.Debug|Any CPU.ActiveCfg = Debug|Any CPU
		{CBB1FC16-D4FF-4C43-9622-C04A8E9C436A}.Debug|Any CPU.Build.0 = Debug|Any CPU
		{CBB1FC16-D4FF-4C43-9622-C04A8E9C436A}.Debug|Mixed Platforms.ActiveCfg = Debug|Any CPU
		{CBB1FC16-D4FF-4C43-9622-C04A8E9C436A}.Debug|Mixed Platforms.Build.0 = Debug|Any CPU
		{CBB1FC16-D4FF-4C43-9622-C04A8E9C436A}.Debug|x86.ActiveCfg = Debug|Any CPU
		{CBB1FC16-D4FF-4C43-9622-C04A8E9C436A}.Release|Any CPU.ActiveCfg = Release|Any CPU
		{CBB1FC16-D4FF-4C43-9622-C04A8E9C436A}.Release|Any CPU.Build.0 = Release|Any CPU
		{CBB1FC16-D4FF-4C43-9622-C04A8E9C436A}.Release|Mixed Platforms.ActiveCfg = Release|Any CPU
		{CBB1FC16-D4FF-4C43-9622-C04A8E9C436A}.Release|Mixed Platforms.Build.0 = Release|Any CPU
		{CBB1FC16-D4FF-4C43-9622-C04A8E9C436A}.Release|x86.ActiveCfg = Release|Any CPU
	EndGlobalSection
	GlobalSection(SolutionProperties) = preSolution
		HideSolutionNode = FALSE
	EndGlobalSection
EndGlobal
